
Microsoft Visual Studio Solution File, Format Version 12.00
# Visual Studio Version 17
VisualStudioVersion = 17.1.32228.430
MinimumVisualStudioVersion = 10.0.40219.1
Project("{9A19103F-16F7-4668-BE54-9A1E7A4F7556}") = "Domain", "Domain\Domain.csproj", "{4F74B03C-5979-4E5D-9BEB-F6B8C1437B1A}"
EndProject
Project("{2150E333-8FDC-42A3-9474-1A3956D46DE8}") = "Core", "Core", "{EC38E82C-E662-4FA8-AF5F-D1C3FE6BA4D9}"
EndProject
Project("{9A19103F-16F7-4668-BE54-9A1E7A4F7556}") = "Application", "Application\Application.csproj", "{B9907562-B343-4D8B-8FB9-233F5D918ADE}"
EndProject
Project("{2150E333-8FDC-42A3-9474-1A3956D46DE8}") = "Web", "Web", "{04205C19-D232-4968-841B-60E102457AF7}"
EndProject
Project("{9A19103F-16F7-4668-BE54-9A1E7A4F7556}") = "Api", "Api\Api.csproj", "{E70C3490-419B-426D-8E49-8BFD6F6B7FC0}"
EndProject
Project("{E53339B2-1760-4266-BCC7-CA923CBCF16C}") = "docker-compose", "docker-compose.dcproj", "{3F1EFDBF-756B-4D8A-A289-10A3F48E7430}"
EndProject
Project("{2150E333-8FDC-42A3-9474-1A3956D46DE8}") = "Common", "Common", "{89B82D54-A790-4720-B39A-36DEB05A67B4}"
EndProject
Project("{2150E333-8FDC-42A3-9474-1A3956D46DE8}") = "Infrastructure", "Infrastructure", "{E872CB85-33EE-4D4B-B75F-0DAC7DE8DFF5}"
EndProject
Project("{9A19103F-16F7-4668-BE54-9A1E7A4F7556}") = "Common.DTOs", "Common\Common.DTOs.csproj", "{EFA030D8-975E-4529-902D-9B4060127CDD}"
EndProject
Project("{9A19103F-16F7-4668-BE54-9A1E7A4F7556}") = "Infrastructure", "Infrastructure\Infrastructure.csproj", "{0E523779-D04A-4AE1-9002-A5F33EC5C1BA}"
EndProject
Project("{9A19103F-16F7-4668-BE54-9A1E7A4F7556}") = "Identity", "Identity\Identity.csproj", "{4C1B9451-87D7-4FD7-BE8A-4D7D9516FC3B}"
EndProject
Project("{9A19103F-16F7-4668-BE54-9A1E7A4F7556}") = "Persistence", "Persistance\Persistence.csproj", "{F1B41EC8-A2BB-4FEB-B840-232BBCA5E414}"
EndProject
Global
	GlobalSection(SolutionConfigurationPlatforms) = preSolution
		Debug|Any CPU = Debug|Any CPU
		Release|Any CPU = Release|Any CPU
	EndGlobalSection
	GlobalSection(ProjectConfigurationPlatforms) = postSolution
		{4F74B03C-5979-4E5D-9BEB-F6B8C1437B1A}.Debug|Any CPU.ActiveCfg = Debug|Any CPU
		{4F74B03C-5979-4E5D-9BEB-F6B8C1437B1A}.Debug|Any CPU.Build.0 = Debug|Any CPU
		{4F74B03C-5979-4E5D-9BEB-F6B8C1437B1A}.Release|Any CPU.ActiveCfg = Release|Any CPU
		{4F74B03C-5979-4E5D-9BEB-F6B8C1437B1A}.Release|Any CPU.Build.0 = Release|Any CPU
		{B9907562-B343-4D8B-8FB9-233F5D918ADE}.Debug|Any CPU.ActiveCfg = Debug|Any CPU
		{B9907562-B343-4D8B-8FB9-233F5D918ADE}.Debug|Any CPU.Build.0 = Debug|Any CPU
		{B9907562-B343-4D8B-8FB9-233F5D918ADE}.Release|Any CPU.ActiveCfg = Release|Any CPU
		{B9907562-B343-4D8B-8FB9-233F5D918ADE}.Release|Any CPU.Build.0 = Release|Any CPU
		{E70C3490-419B-426D-8E49-8BFD6F6B7FC0}.Debug|Any CPU.ActiveCfg = Debug|Any CPU
		{E70C3490-419B-426D-8E49-8BFD6F6B7FC0}.Debug|Any CPU.Build.0 = Debug|Any CPU
		{E70C3490-419B-426D-8E49-8BFD6F6B7FC0}.Release|Any CPU.ActiveCfg = Release|Any CPU
		{E70C3490-419B-426D-8E49-8BFD6F6B7FC0}.Release|Any CPU.Build.0 = Release|Any CPU
		{3F1EFDBF-756B-4D8A-A289-10A3F48E7430}.Debug|Any CPU.ActiveCfg = Debug|Any CPU
		{3F1EFDBF-756B-4D8A-A289-10A3F48E7430}.Debug|Any CPU.Build.0 = Debug|Any CPU
		{3F1EFDBF-756B-4D8A-A289-10A3F48E7430}.Release|Any CPU.ActiveCfg = Release|Any CPU
		{3F1EFDBF-756B-4D8A-A289-10A3F48E7430}.Release|Any CPU.Build.0 = Release|Any CPU
		{EFA030D8-975E-4529-902D-9B4060127CDD}.Debug|Any CPU.ActiveCfg = Debug|Any CPU
		{EFA030D8-975E-4529-902D-9B4060127CDD}.Debug|Any CPU.Build.0 = Debug|Any CPU
		{EFA030D8-975E-4529-902D-9B4060127CDD}.Release|Any CPU.ActiveCfg = Release|Any CPU
		{EFA030D8-975E-4529-902D-9B4060127CDD}.Release|Any CPU.Build.0 = Release|Any CPU
		{0E523779-D04A-4AE1-9002-A5F33EC5C1BA}.Debug|Any CPU.ActiveCfg = Debug|Any CPU
		{0E523779-D04A-4AE1-9002-A5F33EC5C1BA}.Debug|Any CPU.Build.0 = Debug|Any CPU
		{0E523779-D04A-4AE1-9002-A5F33EC5C1BA}.Release|Any CPU.ActiveCfg = Release|Any CPU
		{0E523779-D04A-4AE1-9002-A5F33EC5C1BA}.Release|Any CPU.Build.0 = Release|Any CPU
		{4C1B9451-87D7-4FD7-BE8A-4D7D9516FC3B}.Debug|Any CPU.ActiveCfg = Debug|Any CPU
		{4C1B9451-87D7-4FD7-BE8A-4D7D9516FC3B}.Debug|Any CPU.Build.0 = Debug|Any CPU
		{4C1B9451-87D7-4FD7-BE8A-4D7D9516FC3B}.Release|Any CPU.ActiveCfg = Release|Any CPU
		{4C1B9451-87D7-4FD7-BE8A-4D7D9516FC3B}.Release|Any CPU.Build.0 = Release|Any CPU
		{F1B41EC8-A2BB-4FEB-B840-232BBCA5E414}.Debug|Any CPU.ActiveCfg = Debug|Any CPU
		{F1B41EC8-A2BB-4FEB-B840-232BBCA5E414}.Debug|Any CPU.Build.0 = Debug|Any CPU
		{F1B41EC8-A2BB-4FEB-B840-232BBCA5E414}.Release|Any CPU.ActiveCfg = Release|Any CPU
		{F1B41EC8-A2BB-4FEB-B840-232BBCA5E414}.Release|Any CPU.Build.0 = Release|Any CPU
	EndGlobalSection
	GlobalSection(SolutionProperties) = preSolution
		HideSolutionNode = FALSE
	EndGlobalSection
	GlobalSection(NestedProjects) = preSolution
		{4F74B03C-5979-4E5D-9BEB-F6B8C1437B1A} = {EC38E82C-E662-4FA8-AF5F-D1C3FE6BA4D9}
		{B9907562-B343-4D8B-8FB9-233F5D918ADE} = {EC38E82C-E662-4FA8-AF5F-D1C3FE6BA4D9}
		{E70C3490-419B-426D-8E49-8BFD6F6B7FC0} = {04205C19-D232-4968-841B-60E102457AF7}
		{EFA030D8-975E-4529-902D-9B4060127CDD} = {89B82D54-A790-4720-B39A-36DEB05A67B4}
		{0E523779-D04A-4AE1-9002-A5F33EC5C1BA} = {E872CB85-33EE-4D4B-B75F-0DAC7DE8DFF5}
		{4C1B9451-87D7-4FD7-BE8A-4D7D9516FC3B} = {E872CB85-33EE-4D4B-B75F-0DAC7DE8DFF5}
		{F1B41EC8-A2BB-4FEB-B840-232BBCA5E414} = {E872CB85-33EE-4D4B-B75F-0DAC7DE8DFF5}
	EndGlobalSection
	GlobalSection(ExtensibilityGlobals) = postSolution
		SolutionGuid = {C72AF66B-48A0-4D73-A85A-C45B74AAC308}
	EndGlobalSection
EndGlobal
